PODS:
  - Alamofire (4.7.2)
  - Crashlytics (3.10.1):
    - Fabric (~> 1.7.5)
  - Fabric (1.7.6)
  - GoogleMaps (2.7.0):
    - GoogleMaps/Maps (= 2.7.0)
  - GoogleMaps/Base (2.7.0)
  - GoogleMaps/Maps (2.7.0):
    - GoogleMaps/Base
  - JJFloatingActionButton (0.9.1)
  - MaterialComponents/Buttons (54.10.0):
    - MaterialComponents/Ink
    - MaterialComponents/private/Math
    - MaterialComponents/private/Shapes
    - MaterialComponents/ShadowElevations
    - MaterialComponents/ShadowLayer
    - MaterialComponents/Typography
    - MDFInternationalization
    - MDFTextAccessibility
  - MaterialComponents/Ink (54.10.0):
    - MaterialComponents/private/Math
  - MaterialComponents/private/Application (54.10.0)
  - MaterialComponents/private/Math (54.10.0)
  - MaterialComponents/private/Shapes (54.10.0):
    - MaterialComponents/private/Math
    - MaterialComponents/ShadowLayer
  - MaterialComponents/ShadowElevations (54.10.0)
  - MaterialComponents/ShadowLayer (54.10.0):
    - MaterialComponents/ShadowElevations
  - MaterialComponents/Typography (54.10.0):
    - MaterialComponents/private/Application
  - MDFInternationalization (1.0.4)
  - MDFTextAccessibility (1.2.0)
  - ModelMapper (8.0.0)
  - Pulsator (0.5.1)
  - SwiftyJSON (4.1.0)

DEPENDENCIES:
  - Alamofire (~> 4.7)
  - Crashlytics
  - Fabric
  - GoogleMaps
  - JJFloatingActionButton
  - MaterialComponents/Buttons
  - ModelMapper
  - Pulsator
  - SwiftyJSON

SPEC REPOS:
  https://github.com/cocoapods/specs.git:
    - Alamofire
    - Crashlytics
    - Fabric
    - GoogleMaps
    - JJFloatingActionButton
    - MaterialComponents
    - MDFInternationalization
    - MDFTextAccessibility
    - ModelMapper
    - Pulsator
    - SwiftyJSON

SPEC CHECKSUMS:
  Alamofire: e4fa87002c137ba2d8d634d2c51fabcda0d5c223
  Crashlytics: aee1a064cbbf99b32efa3f056a5f458d846bc8ff
  Fabric: f8d42c893bb187326a7968b62abe55c36a987a46
  GoogleMaps: f79af95cb24d869457b1f961c93d3ce8b2f3b848
  JJFloatingActionButton: ea596ce87923e5c9c55e8157ae2a91968c1512c3
  MaterialComponents: 41a7961ccdcf5bc0c2ec376011388869512cb117
  MDFInternationalization: e355b0cebecf53d60233bd267084e49366c82513
  MDFTextAccessibility: 94098925e0853551c5a311ce7c1ecefbe297cdb6
  ModelMapper: a258c5f8e1422e0e826c8265a3e89ae1b329c3a6
  Pulsator: f465ca37212d826523fe8c79b07c1a4c1a941f5e
  SwiftyJSON: c29297daf073d2aa016295d5809cdd68045c39b3

PODFILE CHECKSUM: 2d484591a8cd830e94bf14be4135db353a526ddc

COCOAPODS: 1.5.3
